
Microsoft Visual Studio Solution File, Format Version 12.00
# Visual Studio Version 17
VisualStudioVersion = 17.2.32616.157
MinimumVisualStudioVersion = 10.0.40219.1
Project("{9A19103F-16F7-4668-BE54-9A1E7A4F7556}") = "IsolatedFunctionApp", "IsolatedFunctionApp\IsolatedFunctionApp.csproj", "{4FAB8822-6647-4332-AA85-5F5C2E307722}"
EndProject
Global
	GlobalSection(SolutionConfigurationPlatforms) = preSolution
		Debug|Any CPU = Debug|Any CPU
		Release|Any CPU = Release|Any CPU
	EndGlobalSection
	GlobalSection(ProjectConfigurationPlatforms) = postSolution
		{4FAB8822-6647-4332-AA85-5F5C2E307722}.Debug|Any CPU.ActiveCfg = Debug|Any CPU
		{4FAB8822-6647-4332-AA85-5F5C2E307722}.Debug|Any CPU.Build.0 = Debug|Any CPU
		{4FAB8822-6647-4332-AA85-5F5C2E307722}.Release|Any CPU.ActiveCfg = Release|Any CPU
		{4FAB8822-6647-4332-AA85-5F5C2E307722}.Release|Any CPU.Build.0 = Release|Any CPU
	EndGlobalSection
	GlobalSection(SolutionProperties) = preSolution
		HideSolutionNode = FALSE
	EndGlobalSection
	GlobalSection(ExtensibilityGlobals) = postSolution
		SolutionGuid = {69B1DC81-6F69-4935-80B2-87D2033DDB25}
	EndGlobalSection
EndGlobal
